
Microsoft Visual Studio Solution File, Format Version 12.00
# Visual Studio Version 17
VisualStudioVersion = 17.8.34511.84
MinimumVisualStudioVersion = 10.0.40219.1
Project("{FAE04EC0-301F-11D3-BF4B-00C04F79EFBC}") = "Hadalao_Hotpot", "Hadalao_Hotpot\Hadalao_Hotpot.csproj", "{E5FE1E58-3B85-405C-887B-5A1DF9F6E838}"
EndProject
Global
	GlobalSection(SolutionConfigurationPlatforms) = preSolution
		Debug|Any CPU = Debug|Any CPU
		Release|Any CPU = Release|Any CPU
	EndGlobalSection
	GlobalSection(ProjectConfigurationPlatforms) = postSolution
		{E5FE1E58-3B85-405C-887B-5A1DF9F6E838}.Debug|Any CPU.ActiveCfg = Debug|Any CPU
		{E5FE1E58-3B85-405C-887B-5A1DF9F6E838}.Debug|Any CPU.Build.0 = Debug|Any CPU
		{E5FE1E58-3B85-405C-887B-5A1DF9F6E838}.Release|Any CPU.ActiveCfg = Release|Any CPU
		{E5FE1E58-3B85-405C-887B-5A1DF9F6E838}.Release|Any CPU.Build.0 = Release|Any CPU
	EndGlobalSection
	GlobalSection(SolutionProperties) = preSolution
		HideSolutionNode = FALSE
	EndGlobalSection
	GlobalSection(ExtensibilityGlobals) = postSolution
		SolutionGuid = {FE64B1DD-7A11-44CF-B62C-B1CA2A97D750}
	EndGlobalSection
EndGlobal
